// !$*UTF8*$!
{
	archiveVersion = 1;
	classes = {
	};
	objectVersion = 77;
	objects = {

/* Begin PBXBuildFile section */
		093DD7C62E1D93CA0086AD55 /* Assets.xcassets in Resources */ = {isa = PBXBuildFile; fileRef = 093DD7C32E1D93CA0086AD55 /* Assets.xcassets */; };
		093DD7C72E1D93CA0086AD55 /* AppIntentsDemoApp.swift in Sources */ = {isa = PBXBuildFile; fileRef = 093DD7C22E1D93CA0086AD55 /* AppIntentsDemoApp.swift */; };
		093DD7CF2E1D940D0086AD55 /* ListingListView.swift in Sources */ = {isa = PBXBuildFile; fileRef = 093DD7CE2E1D940D0086AD55 /* ListingListView.swift */; };
		093DD7D02E1D940D0086AD55 /* ListingCardView.swift in Sources */ = {isa = PBXBuildFile; fileRef = 093DD7CD2E1D940D0086AD55 /* ListingCardView.swift */; };
		093DD7D32E1D94350086AD55 /* Listing.swift in Sources */ = {isa = PBXBuildFile; fileRef = 093DD7D22E1D94350086AD55 /* Listing.swift */; };
		093DD7D42E1D94350086AD55 /* ListingProvider.swift in Sources */ = {isa = PBXBuildFile; fileRef = 093DD7D12E1D94350086AD55 /* ListingProvider.swift */; };
		093DD7D62E1D944E0086AD55 /* listings.json in Resources */ = {isa = PBXBuildFile; fileRef = 093DD7D52E1D944E0086AD55 /* listings.json */; };
		093DD7D82E1D945A0086AD55 /* VisualSearchIntent.swift in Sources */ = {isa = PBXBuildFile; fileRef = 093DD7D72E1D94570086AD55 /* VisualSearchIntent.swift */; };
/* End PBXBuildFile section */

/* Begin PBXFileReference section */
		093DD7C22E1D93CA0086AD55 /* AppIntentsDemoApp.swift */ = {isa = PBXFileReference; lastKnownFileType = sourcecode.swift; path = AppIntentsDemoApp.swift; sourceTree = "<group>"; };
		093DD7C32E1D93CA0086AD55 /* Assets.xcassets */ = {isa = PBXFileReference; lastKnownFileType = folder.assetcatalog; path = Assets.xcassets; sourceTree = "<group>"; };
		093DD7CD2E1D940D0086AD55 /* ListingCardView.swift */ = {isa = PBXFileReference; lastKnownFileType = sourcecode.swift; path = ListingCardView.swift; sourceTree = "<group>"; };
		093DD7CE2E1D940D0086AD55 /* ListingListView.swift */ = {isa = PBXFileReference; lastKnownFileType = sourcecode.swift; path = ListingListView.swift; sourceTree = "<group>"; };
		093DD7D12E1D94350086AD55 /* ListingProvider.swift */ = {isa = PBXFileReference; lastKnownFileType = sourcecode.swift; path = ListingProvider.swift; sourceTree = "<group>"; };
		093DD7D22E1D94350086AD55 /* Listing.swift */ = {isa = PBXFileReference; lastKnownFileType = sourcecode.swift; path = Listing.swift; sourceTree = "<group>"; };
		093DD7D52E1D944E0086AD55 /* listings.json */ = {isa = PBXFileReference; lastKnownFileType = text.json; path = listings.json; sourceTree = "<group>"; };
		093DD7D72E1D94570086AD55 /* VisualSearchIntent.swift */ = {isa = PBXFileReference; lastKnownFileType = sourcecode.swift; path = VisualSearchIntent.swift; sourceTree = "<group>"; };
		09BB1AEF2E1D939D00F8B164 /* AppIntentsDemo.app */ = {isa = PBXFileReference; explicitFileType = wrapper.application; includeInIndex = 0; path = AppIntentsDemo.app; sourceTree = BUILT_PRODUCTS_DIR; };
/* End PBXFileReference section */

/* Begin PBXFrameworksBuildPhase section */
		09BB1AEC2E1D939D00F8B164 /* Frameworks */ = {
			isa = PBXFrameworksBuildPhase;
			buildActionMask = 2147483647;
			files = (
			);
			runOnlyForDeploymentPostprocessing = 0;
		};
/* End PBXFrameworksBuildPhase section */

/* Begin PBXGroup section */
		093DD7C52E1D93CA0086AD55 /* AppIntentsDemo */ = {
			isa = PBXGroup;
			children = (
				093DD7CC2E1D93EF0086AD55 /* Intents */,
				093DD7C92E1D93E30086AD55 /* Models */,
				093DD7CA2E1D93E70086AD55 /* Resources */,
				093DD7CB2E1D93EA0086AD55 /* Views */,
				093DD7C22E1D93CA0086AD55 /* AppIntentsDemoApp.swift */,
				093DD7C32E1D93CA0086AD55 /* Assets.xcassets */,
			);
			path = AppIntentsDemo;
			sourceTree = "<group>";
		};
		093DD7C92E1D93E30086AD55 /* Models */ = {
			isa = PBXGroup;
			children = (
				093DD7D12E1D94350086AD55 /* ListingProvider.swift */,
				093DD7D22E1D94350086AD55 /* Listing.swift */,
			);
			path = Models;
			sourceTree = "<group>";
		};
		093DD7CA2E1D93E70086AD55 /* Resources */ = {
			isa = PBXGroup;
			children = (
				093DD7D52E1D944E0086AD55 /* listings.json */,
			);
			path = Resources;
			sourceTree = "<group>";
		};
		093DD7CB2E1D93EA0086AD55 /* Views */ = {
			isa = PBXGroup;
			children = (
				093DD7CD2E1D940D0086AD55 /* ListingCardView.swift */,
				093DD7CE2E1D940D0086AD55 /* ListingListView.swift */,
			);
			path = Views;
			sourceTree = "<group>";
		};
		093DD7CC2E1D93EF0086AD55 /* Intents */ = {
			isa = PBXGroup;
			children = (
				093DD7D72E1D94570086AD55 /* VisualSearchIntent.swift */,
			);
			path = Intents;
			sourceTree = "<group>";
		};
		09BB1AE62E1D939D00F8B164 = {
			isa = PBXGroup;
			children = (
				093DD7C52E1D93CA0086AD55 /* AppIntentsDemo */,
				09BB1AF02E1D939D00F8B164 /* Products */,
			);
			sourceTree = "<group>";
		};
		09BB1AF02E1D939D00F8B164 /* Products */ = {
			isa = PBXGroup;
			children = (
				09BB1AEF2E1D939D00F8B164 /* AppIntentsDemo.app */,
			);
			name = Products;
			sourceTree = "<group>";
		};
/* End PBXGroup section */

/* Begin PBXNativeTarget section */
		09BB1AEE2E1D939D00F8B164 /* AppIntentsDemo */ = {
			isa = PBXNativeTarget;
			buildConfigurationList = 09BB1AFA2E1D939D00F8B164 /* Build configuration list for PBXNativeTarget "AppIntentsDemo" */;
			buildPhases = (
				09BB1AEB2E1D939D00F8B164 /* Sources */,
				09BB1AEC2E1D939D00F8B164 /* Frameworks */,
				09BB1AED2E1D939D00F8B164 /* Resources */,
			);
			buildRules = (
			);
			dependencies = (
			);
			name = AppIntentsDemo;
			packageProductDependencies = (
			);
			productName = AppIntentsDemo;
			productReference = 09BB1AEF2E1D939D00F8B164 /* AppIntentsDemo.app */;
			productType = "com.apple.product-type.application";
		};
/* End PBXNativeTarget section */

/* Begin PBXProject section */
		09BB1AE72E1D939D00F8B164 /* Project object */ = {
			isa = PBXProject;
			attributes = {
				BuildIndependentTargetsInParallel = 1;
				LastSwiftUpdateCheck = 2600;
				LastUpgradeCheck = 2600;
				TargetAttributes = {
					09BB1AEE2E1D939D00F8B164 = {
						CreatedOnToolsVersion = 26.0;
					};
				};
			};
			buildConfigurationList = 09BB1AEA2E1D939D00F8B164 /* Build configuration list for PBXProject "AppIntentsDemo" */;
			developmentRegion = en;
			hasScannedForEncodings = 0;
			knownRegions = (
				en,
				Base,
			);
			mainGroup = 09BB1AE62E1D939D00F8B164;
			minimizedProjectReferenceProxies = 1;
			preferredProjectObjectVersion = 77;
			productRefGroup = 09BB1AF02E1D939D00F8B164 /* Products */;
			projectDirPath = "";
			projectRoot = "";
			targets = (
				09BB1AEE2E1D939D00F8B164 /* AppIntentsDemo */,
			);
		};
/* End PBXProject section */

/* Begin PBXResourcesBuildPhase section */
		09BB1AED2E1D939D00F8B164 /* Resources */ = {
			isa = PBXResourcesBuildPhase;
			buildActionMask = 2147483647;
			files = (
				093DD7D62E1D944E0086AD55 /* listings.json in Resources */,
				093DD7C62E1D93CA0086AD55 /* Assets.xcassets in Resources */,
			);
			runOnlyForDeploymentPostprocessing = 0;
		};
/* End PBXResourcesBuildPhase section */

/* Begin PBXSourcesBuildPhase section */
		09BB1AEB2E1D939D00F8B164 /* Sources */ = {
			isa = PBXSourcesBuildPhase;
			buildActionMask = 2147483647;
			files = (
				093DD7CF2E1D940D0086AD55 /* ListingListView.swift in Sources */,
				093DD7D02E1D940D0086AD55 /* ListingCardView.swift in Sources */,
				093DD7C72E1D93CA0086AD55 /* AppIntentsDemoApp.swift in Sources */,
				093DD7D32E1D94350086AD55 /* Listing.swift in Sources */,
				093DD7D42E1D94350086AD55 /* ListingProvider.swift in Sources */,
				093DD7D82E1D945A0086AD55 /* VisualSearchIntent.swift in Sources */,
			);
			runOnlyForDeploymentPostprocessing = 0;
		};
/* End PBXSourcesBuildPhase section */

/* Begin XCBuildConfiguration section */
		09BB1AF82E1D939D00F8B164 /* Debug */ = {
			isa = XCBuildConfiguration;
			buildSettings = {
				ALWAYS_SEARCH_USER_PATHS = NO;
				ASSETCATALOG_COMPILER_GENERATE_SWIFT_ASSET_SYMBOL_EXTENSIONS = YES;
				CLANG_ANALYZER_NONNULL = YES;
				CLANG_ANALYZER_NUMBER_OBJECT_CONVERSION = YES_AGGRESSIVE;
				CLANG_CXX_LANGUAGE_STANDARD = "gnu++20";
				CLANG_ENABLE_MODULES = YES;
				CLANG_ENABLE_OBJC_ARC = YES;
				CLANG_ENABLE_OBJC_WEAK = YES;
				CLANG_WARN_BLOCK_CAPTURE_AUTORELEASING = YES;
				CLANG_WARN_BOOL_CONVERSION = YES;
				CLANG_WARN_COMMA = YES;
				CLANG_WARN_CONSTANT_CONVERSION = YES;
				CLANG_WARN_DEPRECATED_OBJC_IMPLEMENTATIONS = YES;
				CLANG_WARN_DIRECT_OBJC_ISA_USAGE = YES_ERROR;
				CLANG_WARN_DOCUMENTATION_COMMENTS = YES;
				CLANG_WARN_EMPTY_BODY = YES;
				CLANG_WARN_ENUM_CONVERSION = YES;
				CLANG_WARN_INFINITE_RECURSION = YES;
				CLANG_WARN_INT_CONVERSION = YES;
				CLANG_WARN_NON_LITERAL_NULL_CONVERSION = YES;
				CLANG_WARN_OBJC_IMPLICIT_RETAIN_SELF = YES;
				CLANG_WARN_OBJC_LITERAL_CONVERSION = YES;
				CLANG_WARN_OBJC_ROOT_CLASS = YES_ERROR;
				CLANG_WARN_QUOTED_INCLUDE_IN_FRAMEWORK_HEADER = YES;
				CLANG_WARN_RANGE_LOOP_ANALYSIS = YES;
				CLANG_WARN_STRICT_PROTOTYPES = YES;
				CLANG_WARN_SUSPICIOUS_MOVE = YES;
				CLANG_WARN_UNGUARDED_AVAILABILITY = YES_AGGRESSIVE;
				CLANG_WARN_UNREACHABLE_CODE = YES;
				CLANG_WARN__DUPLICATE_METHOD_MATCH = YES;
				COPY_PHASE_STRIP = NO;
				DEBUG_INFORMATION_FORMAT = dwarf;
				DEVELOPMENT_TEAM = UNPD4B778P;
				ENABLE_STRICT_OBJC_MSGSEND = YES;
				ENABLE_TESTABILITY = YES;
				ENABLE_USER_SCRIPT_SANDBOXING = YES;
				GCC_C_LANGUAGE_STANDARD = gnu17;
				GCC_DYNAMIC_NO_PIC = NO;
				GCC_NO_COMMON_BLOCKS = YES;
				GCC_OPTIMIZATION_LEVEL = 0;
				GCC_PREPROCESSOR_DEFINITIONS = (
					"DEBUG=1",
					"$(inherited)",
				);
				GCC_WARN_64_TO_32_BIT_CONVERSION = YES;
				GCC_WARN_ABOUT_RETURN_TYPE = YES_ERROR;
				GCC_WARN_UNDECLARED_SELECTOR = YES;
				GCC_WARN_UNINITIALIZED_AUTOS = YES_AGGRESSIVE;
				GCC_WARN_UNUSED_FUNCTION = YES;
				GCC_WARN_UNUSED_VARIABLE = YES;
				IPHONEOS_DEPLOYMENT_TARGET = 26.0;
				LOCALIZATION_PREFERS_STRING_CATALOGS = YES;
				MTL_ENABLE_DEBUG_INFO = INCLUDE_SOURCE;
				MTL_FAST_MATH = YES;
				ONLY_ACTIVE_ARCH = YES;
				SDKROOT = iphoneos;
				SWIFT_ACTIVE_COMPILATION_CONDITIONS = "DEBUG $(inherited)";
				SWIFT_OPTIMIZATION_LEVEL = "-Onone";
			};
			name = Debug;
		};
		09BB1AF92E1D939D00F8B164 /* Release */ = {
			isa = XCBuildConfiguration;
			buildSettings = {
				ALWAYS_SEARCH_USER_PATHS = NO;
				ASSETCATALOG_COMPILER_GENERATE_SWIFT_ASSET_SYMBOL_EXTENSIONS = YES;
				CLANG_ANALYZER_NONNULL = YES;
				CLANG_ANALYZER_NUMBER_OBJECT_CONVERSION = YES_AGGRESSIVE;
				CLANG_CXX_LANGUAGE_STANDARD = "gnu++20";
				CLANG_ENABLE_MODULES = YES;
				CLANG_ENABLE_OBJC_ARC = YES;
				CLANG_ENABLE_OBJC_WEAK = YES;
				CLANG_WARN_BLOCK_CAPTURE_AUTORELEASING = YES;
				CLANG_WARN_BOOL_CONVERSION = YES;
				CLANG_WARN_COMMA = YES;
				CLANG_WARN_CONSTANT_CONVERSION = YES;
				CLANG_WARN_DEPRECATED_OBJC_IMPLEMENTATIONS = YES;
				CLANG_WARN_DIRECT_OBJC_ISA_USAGE = YES_ERROR;
				CLANG_WARN_DOCUMENTATION_COMMENTS = YES;
				CLANG_WARN_EMPTY_BODY = YES;
				CLANG_WARN_ENUM_CONVERSION = YES;
				CLANG_WARN_INFINITE_RECURSION = YES;
				CLANG_WARN_INT_CONVERSION = YES;
				CLANG_WARN_NON_LITERAL_NULL_CONVERSION = YES;
				CLANG_WARN_OBJC_IMPLICIT_RETAIN_SELF = YES;
				CLANG_WARN_OBJC_LITERAL_CONVERSION = YES;
				CLANG_WARN_OBJC_ROOT_CLASS = YES_ERROR;
				CLANG_WARN_QUOTED_INCLUDE_IN_FRAMEWORK_HEADER = YES;
				CLANG_WARN_RANGE_LOOP_ANALYSIS = YES;
				CLANG_WARN_STRICT_PROTOTYPES = YES;
				CLANG_WARN_SUSPICIOUS_MOVE = YES;
				CLANG_WARN_UNGUARDED_AVAILABILITY = YES_AGGRESSIVE;
				CLANG_WARN_UNREACHABLE_CODE = YES;
				CLANG_WARN__DUPLICATE_METHOD_MATCH = YES;
				COPY_PHASE_STRIP = NO;
				DEBUG_INFORMATION_FORMAT = "dwarf-with-dsym";
				DEVELOPMENT_TEAM = UNPD4B778P;
				ENABLE_NS_ASSERTIONS = NO;
				ENABLE_STRICT_OBJC_MSGSEND = YES;
				ENABLE_USER_SCRIPT_SANDBOXING = YES;
				GCC_C_LANGUAGE_STANDARD = gnu17;
				GCC_NO_COMMON_BLOCKS = YES;
				GCC_WARN_64_TO_32_BIT_CONVERSION = YES;
				GCC_WARN_ABOUT_RETURN_TYPE = YES_ERROR;
				GCC_WARN_UNDECLARED_SELECTOR = YES;
				GCC_WARN_UNINITIALIZED_AUTOS = YES_AGGRESSIVE;
				GCC_WARN_UNUSED_FUNCTION = YES;
				GCC_WARN_UNUSED_VARIABLE = YES;
				IPHONEOS_DEPLOYMENT_TARGET = 26.0;
				LOCALIZATION_PREFERS_STRING_CATALOGS = YES;
				MTL_ENABLE_DEBUG_INFO = NO;
				MTL_FAST_MATH = YES;
				SDKROOT = iphoneos;
				SWIFT_COMPILATION_MODE = wholemodule;
				VALIDATE_PRODUCT = YES;
			};
			name = Release;
		};
		09BB1AFB2E1D939D00F8B164 /* Debug */ = {
			isa = XCBuildConfiguration;
			buildSettings = {
				ASSETCATALOG_COMPILER_APPICON_NAME = AppIcon;
				ASSETCATALOG_COMPILER_GLOBAL_ACCENT_COLOR_NAME = AccentColor;
				CODE_SIGN_STYLE = Automatic;
				CURRENT_PROJECT_VERSION = 1;
				DEVELOPMENT_TEAM = UNPD4B778P;
				ENABLE_PREVIEWS = YES;
				GENERATE_INFOPLIST_FILE = YES;
				INFOPLIST_KEY_UIApplicationSceneManifest_Generation = YES;
				INFOPLIST_KEY_UIApplicationSupportsIndirectInputEvents = YES;
				INFOPLIST_KEY_UILaunchScreen_Generation = YES;
				INFOPLIST_KEY_UISupportedInterfaceOrientations_iPad = "UIInterfaceOrientationPortrait UIInterfaceOrientationPortraitUpsideDown UIInterfaceOrientationLandscapeLeft UIInterfaceOrientationLandscapeRight";
				INFOPLIST_KEY_UISupportedInterfaceOrientations_iPhone = "UIInterfaceOrientationPortrait UIInterfaceOrientationLandscapeLeft UIInterfaceOrientationLandscapeRight";
				LD_RUNPATH_SEARCH_PATHS = (
					"$(inherited)",
					"@executable_path/Frameworks",
				);
				MARKETING_VERSION = 1.0;
				PRODUCT_BUNDLE_IDENTIFIER = hespinola.com.AppIntentsDemo;
				PRODUCT_NAME = "$(TARGET_NAME)";
				STRING_CATALOG_GENERATE_SYMBOLS = YES;
				SWIFT_DEFAULT_ACTOR_ISOLATION = MainActor;
				SWIFT_EMIT_LOC_STRINGS = YES;
				SWIFT_UPCOMING_FEATURE_MEMBER_IMPORT_VISIBILITY = YES;
				SWIFT_VERSION = 5.0;
				TARGETED_DEVICE_FAMILY = "1,2";
			};
			name = Debug;
		};
		09BB1AFC2E1D939D00F8B164 /* Release */ = {
			isa = XCBuildConfiguration;
			buildSettings = {
				ASSETCATALOG_COMPILER_APPICON_NAME = AppIcon;
				ASSETCATALOG_COMPILER_GLOBAL_ACCENT_COLOR_NAME = AccentColor;
				CODE_SIGN_STYLE = Automatic;
				CURRENT_PROJECT_VERSION = 1;
				DEVELOPMENT_TEAM = UNPD4B778P;
				ENABLE_PREVIEWS = YES;
				GENERATE_INFOPLIST_FILE = YES;
				INFOPLIST_KEY_UIApplicationSceneManifest_Generation = YES;
				INFOPLIST_KEY_UIApplicationSupportsIndirectInputEvents = YES;
				INFOPLIST_KEY_UILaunchScreen_Generation = YES;
				INFOPLIST_KEY_UISupportedInterfaceOrientations_iPad = "UIInterfaceOrientationPortrait UIInterfaceOrientationPortraitUpsideDown UIInterfaceOrientationLandscapeLeft UIInterfaceOrientationLandscapeRight";
				INFOPLIST_KEY_UISupportedInterfaceOrientations_iPhone = "UIInterfaceOrientationPortrait UIInterfaceOrientationLandscapeLeft UIInterfaceOrientationLandscapeRight";
				LD_RUNPATH_SEARCH_PATHS = (
					"$(inherited)",
					"@executable_path/Frameworks",
				);
				MARKETING_VERSION = 1.0;
				PRODUCT_BUNDLE_IDENTIFIER = hespinola.com.AppIntentsDemo;
				PRODUCT_NAME = "$(TARGET_NAME)";
				STRING_CATALOG_GENERATE_SYMBOLS = YES;
				SWIFT_DEFAULT_ACTOR_ISOLATION = MainActor;
				SWIFT_EMIT_LOC_STRINGS = YES;
				SWIFT_UPCOMING_FEATURE_MEMBER_IMPORT_VISIBILITY = YES;
				SWIFT_VERSION = 5.0;
				TARGETED_DEVICE_FAMILY = "1,2";
			};
			name = Release;
		};
/* End XCBuildConfiguration section */

/* Begin XCConfigurationList section */
		09BB1AEA2E1D939D00F8B164 /* Build configuration list for PBXProject "AppIntentsDemo" */ = {
			isa = XCConfigurationList;
			buildConfigurations = (
				09BB1AF82E1D939D00F8B164 /* Debug */,
				09BB1AF92E1D939D00F8B164 /* Release */,
			);
			defaultConfigurationIsVisible = 0;
			defaultConfigurationName = Release;
		};
		09BB1AFA2E1D939D00F8B164 /* Build configuration list for PBXNativeTarget "AppIntentsDemo" */ = {
			isa = XCConfigurationList;
			buildConfigurations = (
				09BB1AFB2E1D939D00F8B164 /* Debug */,
				09BB1AFC2E1D939D00F8B164 /* Release */,
			);
			defaultConfigurationIsVisible = 0;
			defaultConfigurationName = Release;
		};
/* End XCConfigurationList section */
	};
	rootObject = 09BB1AE72E1D939D00F8B164 /* Project object */;
}
